# generated by rye
# use `rye lock` or `rye sync` to update this lockfile
#
# last locked with the following flags:
#   pre: false
#   features: []
#   all-features: false
#   with-sources: false
#   generate-hashes: false
#   universal: false

-e file:.
brotli==1.1.0
    # via py7zr
inflate64==1.0.0
    # via py7zr
multivolumefile==0.2.3
    # via py7zr
psutil==6.1.0
    # via py7zr
py7zr==0.22.0
    # via backupper
pybcj==1.0.2
    # via py7zr
pycryptodomex==3.21.0
    # via py7zr
pyppmd==1.1.0
    # via py7zr
pyzstd==0.16.2
    # via py7zr
texttable==1.7.0
    # via py7zr
