version = 1
revision = 1
requires-python = ">=3.12"

[[package]]
name = "backupper"
version = "0.1.0"
source = { editable = "." }
dependencies = [
    { name = "py7zr" },
]

[package.metadata]
requires-dist = [{ name = "py7zr", specifier = ">=0.22.0" }]

[[package]]
name = "brotli"
version = "1.1.0"
source = { registry = "https://pypi.org/simple" }
sdist = { url = "https://files.pythonhosted.org/packages/2f/c2/f9e977608bdf958650638c3f1e28f85a1b075f075ebbe77db8555463787b/Brotli-1.1.0.tar.gz", hash = "sha256:81de08ac11bcb85841e440c13611c00b67d3bf82698314928d0b676362546724", size = 7372270 }
wheels = [
    { url = "https://files.pythonhosted.org/packages/5c/d0/5373ae13b93fe00095a58efcbce837fd470ca39f703a235d2a999baadfbc/Brotli-1.1.0-cp312-cp312-macosx_10_13_universal2.whl", hash = "sha256:32d95b80260d79926f5fab3c41701dbb818fde1c9da590e77e571eefd14abe28", size = 815693 },
    { url = "https://files.pythonhosted.org/packages/8e/48/f6e1cdf86751300c288c1459724bfa6917a80e30dbfc326f92cea5d3683a/Brotli-1.1.0-cp312-cp312-macosx_10_13_x86_64.whl", hash = "sha256:b760c65308ff1e462f65d69c12e4ae085cff3b332d894637f6273a12a482d09f", size = 422489 },
    { url = "https://files.pythonhosted.org/packages/06/88/564958cedce636d0f1bed313381dfc4b4e3d3f6015a63dae6146e1b8c65c/Brotli-1.1.0-cp312-cp312-macosx_10_9_universal2.whl", hash = "sha256:316cc9b17edf613ac76b1f1f305d2a748f1b976b033b049a6ecdfd5612c70409", size = 873081 },
    { url = "https://files.pythonhosted.org/packages/58/79/b7026a8bb65da9a6bb7d14329fd2bd48d2b7f86d7329d5cc8ddc6a90526f/Brotli-1.1.0-cp312-cp312-macosx_10_9_x86_64.whl", hash = "sha256:caf9ee9a5775f3111642d33b86237b05808dafcd6268faa492250e9b78046eb2", size = 446244 },
    { url = "https://files.pythonhosted.org/packages/e5/18/c18c32ecea41b6c0004e15606e274006366fe19436b6adccc1ae7b2e50c2/Brotli-1.1.0-cp312-cp312-manylinux_2_17_aarch64.manylinux2014_aarch64.whl", hash = "sha256:70051525001750221daa10907c77830bc889cb6d865cc0b813d9db7fefc21451", size = 2906505 },
    { url = "https://files.pythonhosted.org/packages/08/c8/69ec0496b1ada7569b62d85893d928e865df29b90736558d6c98c2031208/Brotli-1.1.0-cp312-cp312-manylinux_2_17_ppc64le.manylinux2014_ppc64le.whl", hash = "sha256:7f4bf76817c14aa98cc6697ac02f3972cb8c3da93e9ef16b9c66573a68014f91", size = 2944152 },
    { url = "https://files.pythonhosted.org/packages/ab/fb/0517cea182219d6768113a38167ef6d4eb157a033178cc938033a552ed6d/Brotli-1.1.0-cp312-cp312-manylinux_2_17_x86_64.manylinux2014_x86_64.whl", hash = "sha256:d0c5516f0aed654134a2fc936325cc2e642f8a0e096d075209672eb321cff408", size = 2919252 },
    { url = "https://files.pythonhosted.org/packages/c7/53/73a3431662e33ae61a5c80b1b9d2d18f58dfa910ae8dd696e57d39f1a2f5/Brotli-1.1.0-cp312-cp312-manylinux_2_5_i686.manylinux1_i686.manylinux_2_17_i686.manylinux2014_i686.whl", hash = "sha256:6c3020404e0b5eefd7c9485ccf8393cfb75ec38ce75586e046573c9dc29967a0", size = 2845955 },
    { url = "https://files.pythonhosted.org/packages/55/ac/bd280708d9c5ebdbf9de01459e625a3e3803cce0784f47d633562cf40e83/Brotli-1.1.0-cp312-cp312-musllinux_1_1_aarch64.whl", hash = "sha256:4ed11165dd45ce798d99a136808a794a748d5dc38511303239d4e2363c0695dc", size = 2914304 },
    { url = "https://files.pythonhosted.org/packages/76/58/5c391b41ecfc4527d2cc3350719b02e87cb424ef8ba2023fb662f9bf743c/Brotli-1.1.0-cp312-cp312-musllinux_1_1_i686.whl", hash = "sha256:4093c631e96fdd49e0377a9c167bfd75b6d0bad2ace734c6eb20b348bc3ea180", size = 2814452 },
    { url = "https://files.pythonhosted.org/packages/c7/4e/91b8256dfe99c407f174924b65a01f5305e303f486cc7a2e8a5d43c8bec3/Brotli-1.1.0-cp312-cp312-musllinux_1_1_ppc64le.whl", hash = "sha256:7e4c4629ddad63006efa0ef968c8e4751c5868ff0b1c5c40f76524e894c50248", size = 2938751 },
    { url = "https://files.pythonhosted.org/packages/5a/a6/e2a39a5d3b412938362bbbeba5af904092bf3f95b867b4a3eb856104074e/Brotli-1.1.0-cp312-cp312-musllinux_1_1_x86_64.whl", hash = "sha256:861bf317735688269936f755fa136a99d1ed526883859f86e41a5d43c61d8966", size = 2933757 },
    { url = "https://files.pythonhosted.org/packages/13/f0/358354786280a509482e0e77c1a5459e439766597d280f28cb097642fc26/Brotli-1.1.0-cp312-cp312-musllinux_1_2_aarch64.whl", hash = "sha256:87a3044c3a35055527ac75e419dfa9f4f3667a1e887ee80360589eb8c90aabb9", size = 2936146 },
    { url = "https://files.pythonhosted.org/packages/80/f7/daf538c1060d3a88266b80ecc1d1c98b79553b3f117a485653f17070ea2a/Brotli-1.1.0-cp312-cp312-musllinux_1_2_i686.whl", hash = "sha256:c5529b34c1c9d937168297f2c1fde7ebe9ebdd5e121297ff9c043bdb2ae3d6fb", size = 2848055 },
    { url = "https://files.pythonhosted.org/packages/ad/cf/0eaa0585c4077d3c2d1edf322d8e97aabf317941d3a72d7b3ad8bce004b0/Brotli-1.1.0-cp312-cp312-musllinux_1_2_ppc64le.whl", hash = "sha256:ca63e1890ede90b2e4454f9a65135a4d387a4585ff8282bb72964fab893f2111", size = 3035102 },
    { url = "https://files.pythonhosted.org/packages/d8/63/1c1585b2aa554fe6dbce30f0c18bdbc877fa9a1bf5ff17677d9cca0ac122/Brotli-1.1.0-cp312-cp312-musllinux_1_2_x86_64.whl", hash = "sha256:e79e6520141d792237c70bcd7a3b122d00f2613769ae0cb61c52e89fd3443839", size = 2930029 },
    { url = "https://files.pythonhosted.org/packages/5f/3b/4e3fd1893eb3bbfef8e5a80d4508bec17a57bb92d586c85c12d28666bb13/Brotli-1.1.0-cp312-cp312-win32.whl", hash = "sha256:5f4d5ea15c9382135076d2fb28dde923352fe02951e66935a9efaac8f10e81b0", size = 333276 },
    { url = "https://files.pythonhosted.org/packages/3d/d5/942051b45a9e883b5b6e98c041698b1eb2012d25e5948c58d6bf85b1bb43/Brotli-1.1.0-cp312-cp312-win_amd64.whl", hash = "sha256:906bc3a79de8c4ae5b86d3d75a8b77e44404b0f4261714306e3ad248d8ab0951", size = 357255 },
    { url = "https://files.pythonhosted.org/packages/0a/9f/fb37bb8ffc52a8da37b1c03c459a8cd55df7a57bdccd8831d500e994a0ca/Brotli-1.1.0-cp313-cp313-macosx_10_13_universal2.whl", hash = "sha256:8bf32b98b75c13ec7cf774164172683d6e7891088f6316e54425fde1efc276d5", size = 815681 },
    { url = "https://files.pythonhosted.org/packages/06/b3/dbd332a988586fefb0aa49c779f59f47cae76855c2d00f450364bb574cac/Brotli-1.1.0-cp313-cp313-macosx_10_13_x86_64.whl", hash = "sha256:7bc37c4d6b87fb1017ea28c9508b36bbcb0c3d18b4260fcdf08b200c74a6aee8", size = 422475 },
    { url = "https://files.pythonhosted.org/packages/bb/80/6aaddc2f63dbcf2d93c2d204e49c11a9ec93a8c7c63261e2b4bd35198283/Brotli-1.1.0-cp313-cp313-manylinux_2_17_aarch64.manylinux2014_aarch64.whl", hash = "sha256:3c0ef38c7a7014ffac184db9e04debe495d317cc9c6fb10071f7fefd93100a4f", size = 2906173 },
    { url = "https://files.pythonhosted.org/packages/ea/1d/e6ca79c96ff5b641df6097d299347507d39a9604bde8915e76bf026d6c77/Brotli-1.1.0-cp313-cp313-manylinux_2_17_ppc64le.manylinux2014_ppc64le.whl", hash = "sha256:91d7cc2a76b5567591d12c01f019dd7afce6ba8cba6571187e21e2fc418ae648", size = 2943803 },
    { url = "https://files.pythonhosted.org/packages/ac/a3/d98d2472e0130b7dd3acdbb7f390d478123dbf62b7d32bda5c830a96116d/Brotli-1.1.0-cp313-cp313-manylinux_2_17_x86_64.manylinux2014_x86_64.whl", hash = "sha256:a93dde851926f4f2678e704fadeb39e16c35d8baebd5252c9fd94ce8ce68c4a0", size = 2918946 },
    { url = "https://files.pythonhosted.org/packages/c4/a5/c69e6d272aee3e1423ed005d8915a7eaa0384c7de503da987f2d224d0721/Brotli-1.1.0-cp313-cp313-manylinux_2_5_i686.manylinux1_i686.manylinux_2_17_i686.manylinux2014_i686.whl", hash = "sha256:f0db75f47be8b8abc8d9e31bc7aad0547ca26f24a54e6fd10231d623f183d089", size = 2845707 },
    { url = "https://files.pythonhosted.org/packages/58/9f/4149d38b52725afa39067350696c09526de0125ebfbaab5acc5af28b42ea/Brotli-1.1.0-cp313-cp313-musllinux_1_2_aarch64.whl", hash = "sha256:6967ced6730aed543b8673008b5a391c3b1076d834ca438bbd70635c73775368", size = 2936231 },
    { url = "https://files.pythonhosted.org/packages/5a/5a/145de884285611838a16bebfdb060c231c52b8f84dfbe52b852a15780386/Brotli-1.1.0-cp313-cp313-musllinux_1_2_i686.whl", hash = "sha256:7eedaa5d036d9336c95915035fb57422054014ebdeb6f3b42eac809928e40d0c", size = 2848157 },
    { url = "https://files.pythonhosted.org/packages/50/ae/408b6bfb8525dadebd3b3dd5b19d631da4f7d46420321db44cd99dcf2f2c/Brotli-1.1.0-cp313-cp313-musllinux_1_2_ppc64le.whl", hash = "sha256:d487f5432bf35b60ed625d7e1b448e2dc855422e87469e3f450aa5552b0eb284", size = 3035122 },
    { url = "https://files.pythonhosted.org/packages/af/85/a94e5cfaa0ca449d8f91c3d6f78313ebf919a0dbd55a100c711c6e9655bc/Brotli-1.1.0-cp313-cp313-musllinux_1_2_x86_64.whl", hash = "sha256:832436e59afb93e1836081a20f324cb185836c617659b07b129141a8426973c7", size = 2930206 },
    { url = "https://files.pythonhosted.org/packages/c2/f0/a61d9262cd01351df22e57ad7c34f66794709acab13f34be2675f45bf89d/Brotli-1.1.0-cp313-cp313-win32.whl", hash = "sha256:43395e90523f9c23a3d5bdf004733246fba087f2948f87ab28015f12359ca6a0", size = 333804 },
    { url = "https://files.pythonhosted.org/packages/7e/c1/ec214e9c94000d1c1974ec67ced1c970c148aa6b8d8373066123fc3dbf06/Brotli-1.1.0-cp313-cp313-win_amd64.whl", hash = "sha256:9011560a466d2eb3f5a6e4929cf4a09be405c64154e12df0dd72713f6500e32b", size = 358517 },
]

[[package]]
name = "brotlicffi"
version = "1.1.0.0"
source = { registry = "https://pypi.org/simple" }
dependencies = [
    { name = "cffi" },
]
sdist = { url = "https://files.pythonhosted.org/packages/95/9d/70caa61192f570fcf0352766331b735afa931b4c6bc9a348a0925cc13288/brotlicffi-1.1.0.0.tar.gz", hash = "sha256:b77827a689905143f87915310b93b273ab17888fd43ef350d4832c4a71083c13", size = 465192 }
wheels = [
    { url = "https://files.pythonhosted.org/packages/a2/11/7b96009d3dcc2c931e828ce1e157f03824a69fb728d06bfd7b2fc6f93718/brotlicffi-1.1.0.0-cp37-abi3-macosx_10_9_x86_64.whl", hash = "sha256:9b7ae6bd1a3f0df532b6d67ff674099a96d22bc0948955cb338488c31bfb8851", size = 453786 },
    { url = "https://files.pythonhosted.org/packages/d6/e6/a8f46f4a4ee7856fbd6ac0c6fb0dc65ed181ba46cd77875b8d9bbe494d9e/brotlicffi-1.1.0.0-cp37-abi3-manylinux_2_17_aarch64.manylinux2014_aarch64.whl", hash = "sha256:19ffc919fa4fc6ace69286e0a23b3789b4219058313cf9b45625016bf7ff996b", size = 2911165 },
    { url = "https://files.pythonhosted.org/packages/be/20/201559dff14e83ba345a5ec03335607e47467b6633c210607e693aefac40/brotlicffi-1.1.0.0-cp37-abi3-manylinux_2_17_x86_64.manylinux2014_x86_64.whl", hash = "sha256:9feb210d932ffe7798ee62e6145d3a757eb6233aa9a4e7db78dd3690d7755814", size = 2927895 },
    { url = "https://files.pythonhosted.org/packages/cd/15/695b1409264143be3c933f708a3f81d53c4a1e1ebbc06f46331decbf6563/brotlicffi-1.1.0.0-cp37-abi3-manylinux_2_5_i686.manylinux1_i686.manylinux_2_17_i686.manylinux2014_i686.whl", hash = "sha256:84763dbdef5dd5c24b75597a77e1b30c66604725707565188ba54bab4f114820", size = 2851834 },
    { url = "https://files.pythonhosted.org/packages/b4/40/b961a702463b6005baf952794c2e9e0099bde657d0d7e007f923883b907f/brotlicffi-1.1.0.0-cp37-abi3-win32.whl", hash = "sha256:1b12b50e07c3911e1efa3a8971543e7648100713d4e0971b13631cce22c587eb", size = 341731 },
    { url = "https://files.pythonhosted.org/packages/1c/fa/5408a03c041114ceab628ce21766a4ea882aa6f6f0a800e04ee3a30ec6b9/brotlicffi-1.1.0.0-cp37-abi3-win_amd64.whl", hash = "sha256:994a4f0681bb6c6c3b0925530a1926b7a189d878e6e5e38fae8efa47c5d9c613", size = 366783 },
]

[[package]]
name = "cffi"
version = "1.17.1"
source = { registry = "https://pypi.org/simple" }
dependencies = [
    { name = "pycparser" },
]
sdist = { url = "https://files.pythonhosted.org/packages/fc/97/c783634659c2920c3fc70419e3af40972dbaf758daa229a7d6ea6135c90d/cffi-1.17.1.tar.gz", hash = "sha256:1c39c6016c32bc48dd54561950ebd6836e1670f2ae46128f67cf49e789c52824", size = 516621 }
wheels = [
    { url = "https://files.pythonhosted.org/packages/5a/84/e94227139ee5fb4d600a7a4927f322e1d4aea6fdc50bd3fca8493caba23f/cffi-1.17.1-cp312-cp312-macosx_10_9_x86_64.whl", hash = "sha256:805b4371bf7197c329fcb3ead37e710d1bca9da5d583f5073b799d5c5bd1eee4", size = 183178 },
    { url = "https://files.pythonhosted.org/packages/da/ee/fb72c2b48656111c4ef27f0f91da355e130a923473bf5ee75c5643d00cca/cffi-1.17.1-cp312-cp312-macosx_11_0_arm64.whl", hash = "sha256:733e99bc2df47476e3848417c5a4540522f234dfd4ef3ab7fafdf555b082ec0c", size = 178840 },
    { url = "https://files.pythonhosted.org/packages/cc/b6/db007700f67d151abadf508cbfd6a1884f57eab90b1bb985c4c8c02b0f28/cffi-1.17.1-cp312-cp312-manylinux_2_12_i686.manylinux2010_i686.manylinux_2_17_i686.manylinux2014_i686.whl", hash = "sha256:1257bdabf294dceb59f5e70c64a3e2f462c30c7ad68092d01bbbfb1c16b1ba36", size = 454803 },
    { url = "https://files.pythonhosted.org/packages/1a/df/f8d151540d8c200eb1c6fba8cd0dfd40904f1b0682ea705c36e6c2e97ab3/cffi-1.17.1-cp312-cp312-manylinux_2_17_aarch64.manylinux2014_aarch64.whl", hash = "sha256:da95af8214998d77a98cc14e3a3bd00aa191526343078b530ceb0bd710fb48a5", size = 478850 },
    { url = "https://files.pythonhosted.org/packages/28/c0/b31116332a547fd2677ae5b78a2ef662dfc8023d67f41b2a83f7c2aa78b1/cffi-1.17.1-cp312-cp312-manylinux_2_17_ppc64le.manylinux2014_ppc64le.whl", hash = "sha256:d63afe322132c194cf832bfec0dc69a99fb9bb6bbd550f161a49e9e855cc78ff", size = 485729 },
    { url = "https://files.pythonhosted.org/packages/91/2b/9a1ddfa5c7f13cab007a2c9cc295b70fbbda7cb10a286aa6810338e60ea1/cffi-1.17.1-cp312-cp312-manylinux_2_17_s390x.manylinux2014_s390x.whl", hash = "sha256:f79fc4fc25f1c8698ff97788206bb3c2598949bfe0fef03d299eb1b5356ada99", size = 471256 },
    { url = "https://files.pythonhosted.org/packages/b2/d5/da47df7004cb17e4955df6a43d14b3b4ae77737dff8bf7f8f333196717bf/cffi-1.17.1-cp312-cp312-manylinux_2_17_x86_64.manylinux2014_x86_64.whl", hash = "sha256:b62ce867176a75d03a665bad002af8e6d54644fad99a3c70905c543130e39d93", size = 479424 },
    { url = "https://files.pythonhosted.org/packages/0b/ac/2a28bcf513e93a219c8a4e8e125534f4f6db03e3179ba1c45e949b76212c/cffi-1.17.1-cp312-cp312-musllinux_1_1_aarch64.whl", hash = "sha256:386c8bf53c502fff58903061338ce4f4950cbdcb23e2902d86c0f722b786bbe3", size = 484568 },
    { url = "https://files.pythonhosted.org/packages/d4/38/ca8a4f639065f14ae0f1d9751e70447a261f1a30fa7547a828ae08142465/cffi-1.17.1-cp312-cp312-musllinux_1_1_x86_64.whl", hash = "sha256:4ceb10419a9adf4460ea14cfd6bc43d08701f0835e979bf821052f1805850fe8", size = 488736 },
    { url = "https://files.pythonhosted.org/packages/86/c5/28b2d6f799ec0bdecf44dced2ec5ed43e0eb63097b0f58c293583b406582/cffi-1.17.1-cp312-cp312-win32.whl", hash = "sha256:a08d7e755f8ed21095a310a693525137cfe756ce62d066e53f502a83dc550f65", size = 172448 },
    { url = "https://files.pythonhosted.org/packages/50/b9/db34c4755a7bd1cb2d1603ac3863f22bcecbd1ba29e5ee841a4bc510b294/cffi-1.17.1-cp312-cp312-win_amd64.whl", hash = "sha256:51392eae71afec0d0c8fb1a53b204dbb3bcabcb3c9b807eedf3e1e6ccf2de903", size = 181976 },
    { url = "https://files.pythonhosted.org/packages/8d/f8/dd6c246b148639254dad4d6803eb6a54e8c85c6e11ec9df2cffa87571dbe/cffi-1.17.1-cp313-cp313-macosx_10_13_x86_64.whl", hash = "sha256:f3a2b4222ce6b60e2e8b337bb9596923045681d71e5a082783484d845390938e", size = 182989 },
    { url = "https://files.pythonhosted.org/packages/8b/f1/672d303ddf17c24fc83afd712316fda78dc6fce1cd53011b839483e1ecc8/cffi-1.17.1-cp313-cp313-macosx_11_0_arm64.whl", hash = "sha256:0984a4925a435b1da406122d4d7968dd861c1385afe3b45ba82b750f229811e2", size = 178802 },
    { url = "https://files.pythonhosted.org/packages/0e/2d/eab2e858a91fdff70533cab61dcff4a1f55ec60425832ddfdc9cd36bc8af/cffi-1.17.1-cp313-cp313-manylinux_2_12_i686.manylinux2010_i686.manylinux_2_17_i686.manylinux2014_i686.whl", hash = "sha256:d01b12eeeb4427d3110de311e1774046ad344f5b1a7403101878976ecd7a10f3", size = 454792 },
    { url = "https://files.pythonhosted.org/packages/75/b2/fbaec7c4455c604e29388d55599b99ebcc250a60050610fadde58932b7ee/cffi-1.17.1-cp313-cp313-manylinux_2_17_aarch64.manylinux2014_aarch64.whl", hash = "sha256:706510fe141c86a69c8ddc029c7910003a17353970cff3b904ff0686a5927683", size = 478893 },
    { url = "https://files.pythonhosted.org/packages/4f/b7/6e4a2162178bf1935c336d4da8a9352cccab4d3a5d7914065490f08c0690/cffi-1.17.1-cp313-cp313-manylinux_2_17_ppc64le.manylinux2014_ppc64le.whl", hash = "sha256:de55b766c7aa2e2a3092c51e0483d700341182f08e67c63630d5b6f200bb28e5", size = 485810 },
    { url = "https://files.pythonhosted.org/packages/c7/8a/1d0e4a9c26e54746dc08c2c6c037889124d4f59dffd853a659fa545f1b40/cffi-1.17.1-cp313-cp313-manylinux_2_17_s390x.manylinux2014_s390x.whl", hash = "sha256:c59d6e989d07460165cc5ad3c61f9fd8f1b4796eacbd81cee78957842b834af4", size = 471200 },
    { url = "https://files.pythonhosted.org/packages/26/9f/1aab65a6c0db35f43c4d1b4f580e8df53914310afc10ae0397d29d697af4/cffi-1.17.1-cp313-cp313-manylinux_2_17_x86_64.manylinux2014_x86_64.whl", hash = "sha256:dd398dbc6773384a17fe0d3e7eeb8d1a21c2200473ee6806bb5e6a8e62bb73dd", size = 479447 },
    { url = "https://files.pythonhosted.org/packages/5f/e4/fb8b3dd8dc0e98edf1135ff067ae070bb32ef9d509d6cb0f538cd6f7483f/cffi-1.17.1-cp313-cp313-musllinux_1_1_aarch64.whl", hash = "sha256:3edc8d958eb099c634dace3c7e16560ae474aa3803a5df240542b305d14e14ed", size = 484358 },
    { url = "https://files.pythonhosted.org/packages/f1/47/d7145bf2dc04684935d57d67dff9d6d795b2ba2796806bb109864be3a151/cffi-1.17.1-cp313-cp313-musllinux_1_1_x86_64.whl", hash = "sha256:72e72408cad3d5419375fc87d289076ee319835bdfa2caad331e377589aebba9", size = 488469 },
    { url = "https://files.pythonhosted.org/packages/bf/ee/f94057fa6426481d663b88637a9a10e859e492c73d0384514a17d78ee205/cffi-1.17.1-cp313-cp313-win32.whl", hash = "sha256:e03eab0a8677fa80d646b5ddece1cbeaf556c313dcfac435ba11f107ba117b5d", size = 172475 },
    { url = "https://files.pythonhosted.org/packages/7c/fc/6a8cb64e5f0324877d503c854da15d76c1e50eb722e320b15345c4d0c6de/cffi-1.17.1-cp313-cp313-win_amd64.whl", hash = "sha256:f6a16c31041f09ead72d69f583767292f750d24913dadacf5756b966aacb3f1a", size = 182009 },
]

[[package]]
name = "inflate64"
version = "1.0.1"
source = { registry = "https://pypi.org/simple" }
sdist = { url = "https://files.pythonhosted.org/packages/dd/8c/3a7ac7e1931bd1bca5f8e3687f7611083f6a79aae02b9cd6b7ce1fb4a8d0/inflate64-1.0.1.tar.gz", hash = "sha256:3b1c83c22651b5942b35829df526e89602e494192bf021e0d7d0b600e76c429d", size = 896103 }
wheels = [
    { url = "https://files.pythonhosted.org/packages/16/de/61744a1e64d6c645334b48f8c469bd102dcee65740a357954ab60d45b274/inflate64-1.0.1-cp312-cp312-macosx_10_9_universal2.whl", hash = "sha256:b81b3d373190ecd82901f42afd90b7127e9bdef341032a94db381c750ed3ddb2", size = 59669 },
    { url = "https://files.pythonhosted.org/packages/9c/44/4a222fe4e2eebc04ad482e490988a3d9c2272f88502fcd353590aca5286a/inflate64-1.0.1-cp312-cp312-macosx_10_9_x86_64.whl", hash = "sha256:dbfddc5dac975227c20997f0ac515917a15421767c6bff0c209ac6ff9d7b17cc", size = 36234 },
    { url = "https://files.pythonhosted.org/packages/39/ea/28f7dedc4dbba5e7cf616ad2974a22719509116b87176506403b1c3593a7/inflate64-1.0.1-cp312-cp312-macosx_11_0_arm64.whl", hash = "sha256:2adeabe79cc2f90bca832673520c8cbad7370f86353e151293add7ca529bed34", size = 35969 },
    { url = "https://files.pythonhosted.org/packages/24/d5/92d1c5d8eb3bf4b0ad5ea433539ef1c4a14c2256261e20f4e3efc581b1e9/inflate64-1.0.1-cp312-cp312-manylinux_2_17_aarch64.manylinux2014_aarch64.whl", hash = "sha256:8b235c97a05dbe2f92f0f057426e4d05a449e1fccf8e9aa88075ea9c6a06a182", size = 96293 },
    { url = "https://files.pythonhosted.org/packages/b3/f5/3fe89ea89e37dfbef003446f5d584fa032db008fe8fc5b3873ab927de458/inflate64-1.0.1-cp312-cp312-manylinux_2_17_x86_64.manylinux2014_x86_64.whl", hash = "sha256:19b74e30734dca5f1c83ca07074e1f25bf7b63f4a5ee7e074d9a4cb05af65cd5", size = 97102 },
    { url = "https://files.pythonhosted.org/packages/f1/51/022c058bf0ee95b726268a31a617724563f7a481fbf09755a39cfb2980f8/inflate64-1.0.1-cp312-cp312-musllinux_1_1_aarch64.whl", hash = "sha256:b298feb85204b5ef148ccf807744c836fffed7c1ed3ec8bc9b4e323a03163291", size = 99116 },
    { url = "https://files.pythonhosted.org/packages/ed/ee/b10ede3b66e191c70692d13f7e8bee5012d9b70718cfaa7f110bda2f13b6/inflate64-1.0.1-cp312-cp312-musllinux_1_1_x86_64.whl", hash = "sha256:8a4c75241bc442267f79b8242135f2ded29405662c44b9353d34fbd4fa6e56b3", size = 100178 },
    { url = "https://files.pythonhosted.org/packages/9f/e0/af3d971a2405385c8116e3e95d77bd3cef3102da15d017befdb760142d48/inflate64-1.0.1-cp312-cp312-win_amd64.whl", hash = "sha256:7b210392f0830ab27371e36478592f47757f5ea6c09ddb96e2125847b309eb5e", size = 35521 },
]

[[package]]
name = "multivolumefile"
version = "0.2.3"
source = { registry = "https://pypi.org/simple" }
sdist = { url = "https://files.pythonhosted.org/packages/50/f0/a7786212b5a4cb9ba05ae84a2bbd11d1d0279523aea0424b6d981d652a14/multivolumefile-0.2.3.tar.gz", hash = "sha256:a0648d0aafbc96e59198d5c17e9acad7eb531abea51035d08ce8060dcad709d6", size = 77984 }
wheels = [
    { url = "https://files.pythonhosted.org/packages/22/31/ec5f46fd4c83185b806aa9c736e228cb780f13990a9cf4da0beb70025fcc/multivolumefile-0.2.3-py3-none-any.whl", hash = "sha256:237f4353b60af1703087cf7725755a1f6fcaeeea48421e1896940cd1c920d678", size = 17037 },
]

[[package]]
name = "psutil"
version = "7.0.0"
source = { registry = "https://pypi.org/simple" }
sdist = { url = "https://files.pythonhosted.org/packages/2a/80/336820c1ad9286a4ded7e845b2eccfcb27851ab8ac6abece774a6ff4d3de/psutil-7.0.0.tar.gz", hash = "sha256:7be9c3eba38beccb6495ea33afd982a44074b78f28c434a1f51cc07fd315c456", size = 497003 }
wheels = [
    { url = "https://files.pythonhosted.org/packages/ed/e6/2d26234410f8b8abdbf891c9da62bee396583f713fb9f3325a4760875d22/psutil-7.0.0-cp36-abi3-macosx_10_9_x86_64.whl", hash = "sha256:101d71dc322e3cffd7cea0650b09b3d08b8e7c4109dd6809fe452dfd00e58b25", size = 238051 },
    { url = "https://files.pythonhosted.org/packages/04/8b/30f930733afe425e3cbfc0e1468a30a18942350c1a8816acfade80c005c4/psutil-7.0.0-cp36-abi3-macosx_11_0_arm64.whl", hash = "sha256:39db632f6bb862eeccf56660871433e111b6ea58f2caea825571951d4b6aa3da", size = 239535 },
    { url = "https://files.pythonhosted.org/packages/2a/ed/d362e84620dd22876b55389248e522338ed1bf134a5edd3b8231d7207f6d/psutil-7.0.0-cp36-abi3-manylinux_2_12_i686.manylinux2010_i686.manylinux_2_17_i686.manylinux2014_i686.whl", hash = "sha256:1fcee592b4c6f146991ca55919ea3d1f8926497a713ed7faaf8225e174581e91", size = 275004 },
    { url = "https://files.pythonhosted.org/packages/bf/b9/b0eb3f3cbcb734d930fdf839431606844a825b23eaf9a6ab371edac8162c/psutil-7.0.0-cp36-abi3-manylinux_2_12_x86_64.manylinux2010_x86_64.manylinux_2_17_x86_64.manylinux2014_x86_64.whl", hash = "sha256:4b1388a4f6875d7e2aff5c4ca1cc16c545ed41dd8bb596cefea80111db353a34", size = 277986 },
    { url = "https://files.pythonhosted.org/packages/eb/a2/709e0fe2f093556c17fbafda93ac032257242cabcc7ff3369e2cb76a97aa/psutil-7.0.0-cp36-abi3-manylinux_2_17_aarch64.manylinux2014_aarch64.whl", hash = "sha256:a5f098451abc2828f7dc6b58d44b532b22f2088f4999a937557b603ce72b1993", size = 279544 },
    { url = "https://files.pythonhosted.org/packages/50/e6/eecf58810b9d12e6427369784efe814a1eec0f492084ce8eb8f4d89d6d61/psutil-7.0.0-cp37-abi3-win32.whl", hash = "sha256:ba3fcef7523064a6c9da440fc4d6bd07da93ac726b5733c29027d7dc95b39d99", size = 241053 },
    { url = "https://files.pythonhosted.org/packages/50/1b/6921afe68c74868b4c9fa424dad3be35b095e16687989ebbb50ce4fceb7c/psutil-7.0.0-cp37-abi3-win_amd64.whl", hash = "sha256:4cf3d4eb1aa9b348dec30105c55cd9b7d4629285735a102beb4441e38db90553", size = 244885 },
]

[[package]]
name = "py7zr"
version = "0.22.0"
source = { registry = "https://pypi.org/simple" }
dependencies = [
    { name = "brotli", marker = "platform_python_implementation == 'CPython'" },
    { name = "brotlicffi", marker = "platform_python_implementation == 'PyPy'" },
    { name = "inflate64" },
    { name = "multivolumefile" },
    { name = "psutil", marker = "sys_platform != 'cygwin'" },
    { name = "pybcj" },
    { name = "pycryptodomex" },
    { name = "pyppmd" },
    { name = "pyzstd" },
    { name = "texttable" },
]
sdist = { url = "https://files.pythonhosted.org/packages/26/c3/0e05c711c16af0b9c47f3f77323303b338b9a871ba020d95d2b8dd6605ae/py7zr-0.22.0.tar.gz", hash = "sha256:c6c7aea5913535184003b73938490f9a4d8418598e533f9ca991d3b8e45a139e", size = 4992926 }
wheels = [
    { url = "https://files.pythonhosted.org/packages/d0/59/dd1750002c0f46099281116f8165247bc62dc85edad41cdd26e7b26de19d/py7zr-0.22.0-py3-none-any.whl", hash = "sha256:993b951b313500697d71113da2681386589b7b74f12e48ba13cc12beca79d078", size = 67906 },
]

[[package]]
name = "pybcj"
version = "1.0.3"
source = { registry = "https://pypi.org/simple" }
sdist = { url = "https://files.pythonhosted.org/packages/bf/69/3f4ce9d4c79f6ddf6bf60af873f65605123a0e8cd13159f8531a9cb81710/pybcj-1.0.3.tar.gz", hash = "sha256:b8873637f0be00ceaa372d0fb81693604b4bbc8decdb2b1ae5f9b84d196788d9", size = 2111256 }
wheels = [
    { url = "https://files.pythonhosted.org/packages/df/b8/14e4479e90e8de83170b163de6b5f90024ec191bfc0230f43168fe0870e3/pybcj-1.0.3-cp312-cp312-macosx_10_13_universal2.whl", hash = "sha256:c68a3fe847f22a8393fe71b1b16450b6b9e8ef36faa36d0c03759f58740f6eff", size = 31704 },
    { url = "https://files.pythonhosted.org/packages/41/77/fd6c004bf461496285a0c62905d57eed2e9e8499d424a5dd4478bb5efb02/pybcj-1.0.3-cp312-cp312-macosx_10_13_x86_64.whl", hash = "sha256:17f610ede3a766c0ff1869a4dd7750db78d39e4bfc9997f6bef050fe794c051b", size = 23471 },
    { url = "https://files.pythonhosted.org/packages/61/04/7e0d111b6956e413ebeaf29732fc49c03fa05d20372042d623b99fc564ac/pybcj-1.0.3-cp312-cp312-macosx_11_0_arm64.whl", hash = "sha256:15f776925a4d6f69b344cde9035fc8f1fd02f1f2a4ccb76f4047406c0ea4241d", size = 23839 },
    { url = "https://files.pythonhosted.org/packages/9c/a7/35c471eff626049c90629a79345c4aef36de3b9f48de317b907742f3303b/pybcj-1.0.3-cp312-cp312-manylinux_2_17_aarch64.manylinux2014_aarch64.whl", hash = "sha256:7bdda28e0a20214c7f0e7de9e260122b9197106231249bf07a5ca5b84a5d38a1", size = 51828 },
    { url = "https://files.pythonhosted.org/packages/e3/8b/ae77f0a8eb5d19887f8f068a2bb8e7cd5fedcbb10296449e32d763a41319/pybcj-1.0.3-cp312-cp312-manylinux_2_17_x86_64.manylinux2014_x86_64.whl", hash = "sha256:764cba20166fcd9ff580f4d877f17807be057da7d1234caaf54fd5fd5c591387", size = 51564 },
    { url = "https://files.pythonhosted.org/packages/a6/79/4d79be1ccff5f75f78af6e10506e248b658d32e23304f2d9dd44784fc538/pybcj-1.0.3-cp312-cp312-musllinux_1_1_aarch64.whl", hash = "sha256:97cf7f788560c3283a8afe3de585abb849bb1338d007e53fb6441d6ccd202e0a", size = 55896 },
    { url = "https://files.pythonhosted.org/packages/7b/69/7bb33622a9652aa95c68f9c5f82a58ba948be128a44a6cb76ae9dd87e31f/pybcj-1.0.3-cp312-cp312-musllinux_1_1_x86_64.whl", hash = "sha256:26d201f773d17d5e8a88785f00fa73a6647e080d933e75ddeb33da7f0baff657", size = 55472 },
    { url = "https://files.pythonhosted.org/packages/04/22/73072f86ff9a5b1542c58731c42090d4801d6276ca632d33d9e1683e18bc/pybcj-1.0.3-cp312-cp312-win_amd64.whl", hash = "sha256:990047ac176317d42e7059b3cd357ff7c7201f3e3f08b35d083b2004d066cd39", size = 24893 },
    { url = "https://files.pythonhosted.org/packages/bb/9b/afe22008c56a22612cbbd36479fd3174e51e0efd181efa0663c648581cc8/pybcj-1.0.3-cp313-cp313-macosx_10_13_universal2.whl", hash = "sha256:3bbbf22687c9f6c57cc9b605a3a60937230843ff1b5560e2a42133fd4dd5dc73", size = 31698 },
    { url = "https://files.pythonhosted.org/packages/40/92/c7334483bab2d1c24c46ab3b5a594e5bcfbf21f1c4a3fdbb4db7e5625f6c/pybcj-1.0.3-cp313-cp313-macosx_10_13_x86_64.whl", hash = "sha256:e0a75d5ec3fa40af865f93f29e613d93fb67dc016fc60e64a4b3a4621076fecd", size = 23477 },
    { url = "https://files.pythonhosted.org/packages/12/64/7ad256582441491aa007aeaf129362942e210facf2d6e9280d6f8ba6bcab/pybcj-1.0.3-cp313-cp313-macosx_11_0_arm64.whl", hash = "sha256:631bcdea0d47ae562f118f8404fb6ef5813eb2dcfbcc53c7b9ac6bc5d4c2ef32", size = 23847 },
    { url = "https://files.pythonhosted.org/packages/6c/12/1e65f06bde32183b957423ca6d275730819b1e6f0d8cdf212ea369e6cace/pybcj-1.0.3-cp313-cp313-manylinux_2_17_aarch64.manylinux2014_aarch64.whl", hash = "sha256:75c9430a10e69fbea336668944c0f4a9979e0bb3ab5de820315025c157baa2ae", size = 51819 },
    { url = "https://files.pythonhosted.org/packages/2b/44/3e8722ad31d633c02e650847d60b574fda1afd420702cbb03b2f68b10f8c/pybcj-1.0.3-cp313-cp313-manylinux_2_17_x86_64.manylinux2014_x86_64.whl", hash = "sha256:5221652a9c656f6b27fda389cc4888354a287d3e0f6ea6d5b70718b6d9ec110d", size = 51539 },
    { url = "https://files.pythonhosted.org/packages/e0/b3/b61f59aebd623b22912fdd739ac7e30f6b995a000d97dfff7cc5da063a86/pybcj-1.0.3-cp313-cp313-musllinux_1_1_aarch64.whl", hash = "sha256:f6a6c3a776aa9b579c51768d2c727d3912cd8e1c2add61898dc6794b269e7ab3", size = 55678 },
    { url = "https://files.pythonhosted.org/packages/ec/cf/982c5571789420bfaf798e6a6cac7932ee31882a2cffc67fd3c66fb734c6/pybcj-1.0.3-cp313-cp313-musllinux_1_1_x86_64.whl", hash = "sha256:cb50276bd804f58690571c13e2e6eb26eca6c4a39a611591e2202136dca1b7a5", size = 55205 },
    { url = "https://files.pythonhosted.org/packages/86/3c/d17b9dc4939d5870c31e76d066811549501ea35ee7b5403a923fe4d33ec3/pybcj-1.0.3-cp313-cp313-win_amd64.whl", hash = "sha256:623a4eef080f5cb0405ce19f90fa9824e2477f4a85d8b888e613cf7f146b84d1", size = 24892 },
]

[[package]]
name = "pycparser"
version = "2.22"
source = { registry = "https://pypi.org/simple" }
sdist = { url = "https://files.pythonhosted.org/packages/1d/b2/31537cf4b1ca988837256c910a668b553fceb8f069bedc4b1c826024b52c/pycparser-2.22.tar.gz", hash = "sha256:491c8be9c040f5390f5bf44a5b07752bd07f56edf992381b05c701439eec10f6", size = 172736 }
wheels = [
    { url = "https://files.pythonhosted.org/packages/13/a3/a812df4e2dd5696d1f351d58b8fe16a405b234ad2886a0dab9183fb78109/pycparser-2.22-py3-none-any.whl", hash = "sha256:c3702b6d3dd8c7abc1afa565d7e63d53a1d0bd86cdc24edd75470f4de499cfcc", size = 117552 },
]

[[package]]
name = "pycryptodomex"
version = "3.22.0"
source = { registry = "https://pypi.org/simple" }
sdist = { url = "https://files.pythonhosted.org/packages/ba/d5/861a7daada160fcf6b0393fb741eeb0d0910b039ad7f0cd56c39afdd4a20/pycryptodomex-3.22.0.tar.gz", hash = "sha256:a1da61bacc22f93a91cbe690e3eb2022a03ab4123690ab16c46abb693a9df63d", size = 4917584 }
wheels = [
    { url = "https://files.pythonhosted.org/packages/62/c2/8c97e649ccd3886eaf4918bd87791d3b52e80ba5b9c4678e2b631f2f8340/pycryptodomex-3.22.0-cp37-abi3-macosx_10_9_universal2.whl", hash = "sha256:aef4590263b9f2f6283469e998574d0bd45c14fb262241c27055b82727426157", size = 2494197 },
    { url = "https://files.pythonhosted.org/packages/f1/62/e947c35efebf95ba9bfe3fd76d766caa8d66d3f5d440fca05328c18b3352/pycryptodomex-3.22.0-cp37-abi3-macosx_10_9_x86_64.whl", hash = "sha256:5ac608a6dce9418d4f300fab7ba2f7d499a96b462f2b9b5c90d8d994cd36dcad", size = 1638999 },
    { url = "https://files.pythonhosted.org/packages/51/af/f877f8ec1c4185e3ede3bf2beb286e5150099d2b3cba528c98d832372f38/pycryptodomex-3.22.0-cp37-abi3-manylinux_2_17_aarch64.manylinux2014_aarch64.whl", hash = "sha256:7a24f681365ec9757ccd69b85868bbd7216ba451d0f86f6ea0eed75eeb6975db", size = 2181008 },
    { url = "https://files.pythonhosted.org/packages/6f/72/e7e748c682c889f30a0a7c3072a27a002b50a6cf5912ad1ce1269e327f40/pycryptodomex-3.22.0-cp37-abi3-manylinux_2_17_x86_64.manylinux2014_x86_64.whl", hash = "sha256:259664c4803a1fa260d5afb322972813c5fe30ea8b43e54b03b7e3a27b30856b", size = 2267300 },
    { url = "https://files.pythonhosted.org/packages/a9/ff/c45a97427aefbea07e8e6f2e08b10b4f2b287b99997bd22a4cef913e53a6/pycryptodomex-3.22.0-cp37-abi3-manylinux_2_5_i686.manylinux1_i686.manylinux_2_17_i686.manylinux2014_i686.whl", hash = "sha256:7127d9de3c7ce20339e06bcd4f16f1a1a77f1471bcf04e3b704306dde101b719", size = 2306939 },
    { url = "https://files.pythonhosted.org/packages/80/c7/cfbdd748a45b7fe8769a5494f130b092e9392e780ad204b5bc39c1a3a521/pycryptodomex-3.22.0-cp37-abi3-musllinux_1_2_aarch64.whl", hash = "sha256:ee75067b35c93cc18b38af47b7c0664998d8815174cfc66dd00ea1e244eb27e6", size = 2180286 },
    { url = "https://files.pythonhosted.org/packages/91/db/26f5d2af7cf809acfe1d1d7182a81fc0d0c13c26dd995b22c5b41be28bf9/pycryptodomex-3.22.0-cp37-abi3-musllinux_1_2_i686.whl", hash = "sha256:1a8b0c5ba061ace4bcd03496d42702c3927003db805b8ec619ea6506080b381d", size = 2340887 },
    { url = "https://files.pythonhosted.org/packages/a1/4c/78307b989d4855f806fff16424f837400e22df3695725f6aa45553e3a13c/pycryptodomex-3.22.0-cp37-abi3-musllinux_1_2_x86_64.whl", hash = "sha256:bfe4fe3233ef3e58028a3ad8f28473653b78c6d56e088ea04fe7550c63d4d16b", size = 2265831 },
    { url = "https://files.pythonhosted.org/packages/fb/ad/cc69805083af164419a4413bc0ebc791e17103327da6979b14d5d3c7e7e5/pycryptodomex-3.22.0-cp37-abi3-win32.whl", hash = "sha256:2cac9ed5c343bb3d0075db6e797e6112514764d08d667c74cb89b931aac9dddd", size = 1766824 },
    { url = "https://files.pythonhosted.org/packages/15/c8/79ab16e5b95a8988caee792236a776beceabcaa2518979d4e21b6ee20f57/pycryptodomex-3.22.0-cp37-abi3-win_amd64.whl", hash = "sha256:ff46212fda7ee86ec2f4a64016c994e8ad80f11ef748131753adb67e9b722ebd", size = 1797989 },
]

[[package]]
name = "pyppmd"
version = "1.1.1"
source = { registry = "https://pypi.org/simple" }
sdist = { url = "https://files.pythonhosted.org/packages/42/8e/06581a619ad31cd28fd897bd55aff2ea945d3d566969b8b3f682599e6dee/pyppmd-1.1.1.tar.gz", hash = "sha256:f1a812f1e7628f4c26d05de340b91b72165d7b62778c27d322b82ce2e8ff00cb", size = 1349281 }
wheels = [
    { url = "https://files.pythonhosted.org/packages/46/a8/a1fdc1b53466e9a01b0d8a8689ae4024fffa6de20330fb0d6025d745cf0f/pyppmd-1.1.1-cp312-cp312-macosx_10_9_universal2.whl", hash = "sha256:9877ef273e2c0efdec740855e28004a708ada9012e0db6673df4bb6eba3b05e0", size = 76238 },
    { url = "https://files.pythonhosted.org/packages/63/54/15a7feae1a258bc67fc2413f82a7f296da7efb076d922d939fe7ef87b537/pyppmd-1.1.1-cp312-cp312-macosx_10_9_x86_64.whl", hash = "sha256:f816a5cbccceced80e15335389eeeaf1b56a605fb7eebe135b1c85bd161e288c", size = 47192 },
    { url = "https://files.pythonhosted.org/packages/55/4f/b5d9086c3479639f1347bc04d6ed1b543a7f87212f68c38f30180cb28e35/pyppmd-1.1.1-cp312-cp312-macosx_11_0_arm64.whl", hash = "sha256:6bddabf8f2c6b991d15d6785e603d9d414ae4a791f131b1a729bb8a5d31133d1", size = 47309 },
    { url = "https://files.pythonhosted.org/packages/98/df/2dc8d61008ed5da459fbef13917582b78902867451cb3467d59ca86c945f/pyppmd-1.1.1-cp312-cp312-manylinux_2_17_aarch64.manylinux2014_aarch64.whl", hash = "sha256:855bc2b0d19c3fead5815d72dbe350b4f765334336cbf8bcb504d46edc9e9dd2", size = 139378 },
    { url = "https://files.pythonhosted.org/packages/85/cf/9899ec2a5a9b10f42afecdd0635186f38731c100643d9b092f5b6d7f137c/pyppmd-1.1.1-cp312-cp312-manylinux_2_17_i686.manylinux2014_i686.whl", hash = "sha256:a95b11b3717c083b912f0879678ba72f301bbdb9b69efed46dbc5df682aa3ce7", size = 137565 },
    { url = "https://files.pythonhosted.org/packages/33/33/c67c41e681e171f9bbbf184eae8899e913845e8e6186cbdad62a3ddf231d/pyppmd-1.1.1-cp312-cp312-manylinux_2_17_x86_64.manylinux2014_x86_64.whl", hash = "sha256:38b645347b6ea217b0c58e8edac27473802868f152db520344ac8c7490981849", size = 142829 },
    { url = "https://files.pythonhosted.org/packages/8e/c3/18e6f565cb1a3941640fd522a3f02f48e546c2996c7f0048608f35994a51/pyppmd-1.1.1-cp312-cp312-musllinux_1_1_aarch64.whl", hash = "sha256:f8f94b6222262def5b532f2b9716554ef249ad8411fd4da303596cc8c2e8eda1", size = 143080 },
    { url = "https://files.pythonhosted.org/packages/18/ec/40625be3275bae8470136c98d2e63556537ba5cedb6c0a9fa8f90a541a46/pyppmd-1.1.1-cp312-cp312-musllinux_1_1_i686.whl", hash = "sha256:1c0306f69ceddf385ef689ebd0218325b7e523c48333d87157b37393466cfa1e", size = 137254 },
    { url = "https://files.pythonhosted.org/packages/04/f4/92366a1e893f0b04a4bbf1cbc8263d4b58f2ac2f53cee65b11d92d0253bf/pyppmd-1.1.1-cp312-cp312-musllinux_1_1_x86_64.whl", hash = "sha256:a4ba510457a56535522a660098399e3fa8722e4de55808d089c9d13435d87069", size = 146613 },
    { url = "https://files.pythonhosted.org/packages/6f/c2/50ffb30b7787aec4c0cb5a99eaab78d90b0c98e0006d34a22198f954084e/pyppmd-1.1.1-cp312-cp312-win32.whl", hash = "sha256:032f040a89fd8348109e8638f94311bd4c3c693fb4cad213ad06a37c203690b1", size = 41857 },
    { url = "https://files.pythonhosted.org/packages/77/94/03ff304086c5b0823bee966a5ae4915b5341dba8ed5e4c9f1b9532d9a9ff/pyppmd-1.1.1-cp312-cp312-win_amd64.whl", hash = "sha256:2be8cbd13dd59fad1a0ad38062809e28596f3673b77a799dfe82b287986265ed", size = 46564 },
]

[[package]]
name = "pyzstd"
version = "0.16.2"
source = { registry = "https://pypi.org/simple" }
sdist = { url = "https://files.pythonhosted.org/packages/62/14/878fee4072cecb1cc6e061c7d0d933e481389c27de939538c9cc3f18894a/pyzstd-0.16.2.tar.gz", hash = "sha256:179c1a2ea1565abf09c5f2fd72f9ce7c54b2764cf7369e05c0bfd8f1f67f63d2", size = 789505 }
wheels = [
    { url = "https://files.pythonhosted.org/packages/28/15/20046759d138733e7150afa6aa15f322022d7587968e2dbd5b36fbf8aa86/pyzstd-0.16.2-cp312-cp312-macosx_10_13_x86_64.whl", hash = "sha256:d4081fd841a9efe9ded7290ee7502dbf042c4158b90edfadea3b8a072c8ec4e1", size = 373230 },
    { url = "https://files.pythonhosted.org/packages/51/8d/55b536edaecf19d2f8dbd8fbaefd184f2f9cc6b71d241caa6d86bed96813/pyzstd-0.16.2-cp312-cp312-macosx_11_0_arm64.whl", hash = "sha256:fd3fa45d2aeb65367dd702806b2e779d13f1a3fa2d13d5ec777cfd09de6822de", size = 295699 },
    { url = "https://files.pythonhosted.org/packages/11/14/086e7f690154c6f3d9bdb46da26a4cd3c9e0b284346ce10943711ca48c32/pyzstd-0.16.2-cp312-cp312-manylinux_2_17_aarch64.manylinux2014_aarch64.whl", hash = "sha256:d8b5f0d2c07994a5180d8259d51df6227a57098774bb0618423d7eb4a7303467", size = 390556 },
    { url = "https://files.pythonhosted.org/packages/90/d2/c6d854705d6fa0ad876209b4ba796ab31d85b710d1459029f2cb41085a8d/pyzstd-0.16.2-cp312-cp312-manylinux_2_17_ppc64le.manylinux2014_ppc64le.whl", hash = "sha256:60c9d25b15c7ae06ed5d516d096a0d8254f9bed4368b370a09cccf191eaab5cb", size = 472928 },
    { url = "https://files.pythonhosted.org/packages/aa/38/f97dd871e446adc834349caa605dbaf5bac86763a255f62c809cc2459c85/pyzstd-0.16.2-cp312-cp312-manylinux_2_17_s390x.manylinux2014_s390x.whl", hash = "sha256:29acf31ce37254f6cad08deb24b9d9ba954f426fa08f8fae4ab4fdc51a03f4ae", size = 416057 },
    { url = "https://files.pythonhosted.org/packages/53/be/0c5ad7bf29dc890f6a3303760b9802aeeafa4e3ffb598de625f501986bfe/pyzstd-0.16.2-cp312-cp312-manylinux_2_17_x86_64.manylinux2014_x86_64.whl", hash = "sha256:1ec77612a17697a9f7cf6634ffcee616eba9b997712fdd896e77fd19ab3a0618", size = 414613 },
    { url = "https://files.pythonhosted.org/packages/1f/1a/d3a1edcd59e2f62a35ac6257d2b86a2c872ae9a8e925380620a8db0d9a9a/pyzstd-0.16.2-cp312-cp312-manylinux_2_5_i686.manylinux1_i686.manylinux_2_17_i686.manylinux2014_i686.whl", hash = "sha256:313ea4974be93be12c9a640ab40f0fc50a023178aae004a8901507b74f190173", size = 413236 },
    { url = "https://files.pythonhosted.org/packages/f2/8d/912430c2310466c14a89a5a529b72eddef7e73fa733806dbe0b030cf3495/pyzstd-0.16.2-cp312-cp312-musllinux_1_2_aarch64.whl", hash = "sha256:e91acdefc8c2c6c3b8d5b1b5fe837dce4e591ecb7c0a2a50186f552e57d11203", size = 405536 },
    { url = "https://files.pythonhosted.org/packages/9e/83/4edb419a13b9d1e1debc01e88084eba93a5f7c10ef198da11f6782857c73/pyzstd-0.16.2-cp312-cp312-musllinux_1_2_i686.whl", hash = "sha256:929bd91a403539e72b5b5cb97f725ac4acafe692ccf52f075e20cd9bf6e5493d", size = 419145 },
    { url = "https://files.pythonhosted.org/packages/8f/e9/62a169eddc37aefac480ee3b3318c221f6731e1e342dafd9e05b7fdaa7c5/pyzstd-0.16.2-cp312-cp312-musllinux_1_2_ppc64le.whl", hash = "sha256:740837a379aa32d110911ebcbbc524f9a9b145355737527543a884bd8777ca4f", size = 487157 },
    { url = "https://files.pythonhosted.org/packages/57/9d/5949f2a0144d1f99fab7914f854b582d2784c73139cc190e603e4d6b7b37/pyzstd-0.16.2-cp312-cp312-musllinux_1_2_s390x.whl", hash = "sha256:adfc0e80dd157e6d1e0b0112c8ecc4b58a7a23760bd9623d74122ef637cfbdb6", size = 565918 },
    { url = "https://files.pythonhosted.org/packages/de/ce/647b9c7602ac477c9e62cf9399810f72bb5dba8f508e7cdf8be1d260e6f9/pyzstd-0.16.2-cp312-cp312-musllinux_1_2_x86_64.whl", hash = "sha256:79b183beae1c080ad3dca39019e49b7785391947f9aab68893ad85d27828c6e7", size = 431373 },
    { url = "https://files.pythonhosted.org/packages/8b/fb/4141e3d4549eea26e5a59ec723eade271980816cb2ed7613df855baa672f/pyzstd-0.16.2-cp312-cp312-win32.whl", hash = "sha256:b8d00631a3c466bc313847fab2a01f6b73b3165de0886fb03210e08567ae3a89", size = 218541 },
    { url = "https://files.pythonhosted.org/packages/51/b9/e1373b179129c2095d70bd1df02a51d388f4c7e4ecb62acb4e5e9570269b/pyzstd-0.16.2-cp312-cp312-win_amd64.whl", hash = "sha256:c0d43764e9a60607f35d8cb3e60df772a678935ab0e02e2804d4147377f4942c", size = 245320 },
    { url = "https://files.pythonhosted.org/packages/66/10/cc7c764c7673f1af1728abdcf58e58f88ef5d44ab4500677a2b7b4c01e7d/pyzstd-0.16.2-cp313-cp313-macosx_10_13_x86_64.whl", hash = "sha256:3ae9ae7ad730562810912d7ecaf1fff5eaf4c726f4b4dfe04784ed5f06d7b91f", size = 373223 },
    { url = "https://files.pythonhosted.org/packages/3f/a7/bcaf7d635ee929dd4d08ae1c35101892db56a11542471eecfbf46b9dd988/pyzstd-0.16.2-cp313-cp313-macosx_11_0_arm64.whl", hash = "sha256:2ce8d3c213f76a564420f3d0137066ac007ce9fb4e156b989835caef12b367a7", size = 295701 },
    { url = "https://files.pythonhosted.org/packages/93/49/a604113a2f3135b29371a894c0faad22d7ea3f7b58f38d77baad8a817483/pyzstd-0.16.2-cp313-cp313-manylinux_2_17_aarch64.manylinux2014_aarch64.whl", hash = "sha256:c2c14dac23c865e2d78cebd9087e148674b7154f633afd4709b4cd1520b99a61", size = 392395 },
    { url = "https://files.pythonhosted.org/packages/b0/38/886ecf3ebb13a4b6e3ee85f448f54eef37a5ae2b453bd9d5d9edc909e119/pyzstd-0.16.2-cp313-cp313-manylinux_2_17_ppc64le.manylinux2014_ppc64le.whl", hash = "sha256:4527969d66a943e36ef374eda847e918077de032d58b5df84d98ffd717b6fa77", size = 474523 },
    { url = "https://files.pythonhosted.org/packages/14/98/121da6ac072c00090c218b4888ef00ead15979f09a657d9a5ff770d6bb17/pyzstd-0.16.2-cp313-cp313-manylinux_2_17_s390x.manylinux2014_s390x.whl", hash = "sha256:cd8256149b88e657e99f31e6d4b114c8ff2935951f1d8bb8e1fe501b224999c0", size = 417974 },
    { url = "https://files.pythonhosted.org/packages/b6/ba/56652a67c0bcfaceb2945e5f07d5aa21af86e07cf33d1ae47bb3529a56c3/pyzstd-0.16.2-cp313-cp313-manylinux_2_17_x86_64.manylinux2014_x86_64.whl", hash = "sha256:5bd1f1822d65c9054bf36d35307bf8ed4aa2d2d6827431761a813628ff671b1d", size = 414587 },
    { url = "https://files.pythonhosted.org/packages/cc/30/cab6f45101f0113ced609ef65482aedd276e0f022d9f25a327d4284142f5/pyzstd-0.16.2-cp313-cp313-manylinux_2_5_i686.manylinux1_i686.manylinux_2_17_i686.manylinux2014_i686.whl", hash = "sha256:6f6733f4d373ec9ad2c1976cf06f973a3324c1f9abe236d114d6bb91165a397d", size = 415071 },
    { url = "https://files.pythonhosted.org/packages/6d/44/2187fc8a46662926943aeb16d639dd4f3d06267c7e8abb2c6f97700ab11c/pyzstd-0.16.2-cp313-cp313-musllinux_1_2_aarch64.whl", hash = "sha256:7bec165ab6524663f00b69bfefd13a46a69fed3015754abaf81b103ec73d92c6", size = 407835 },
    { url = "https://files.pythonhosted.org/packages/de/d5/6edca97d5453cba820d2ad5630e6ec1fcfad66f69af5ad7d6c688ea301be/pyzstd-0.16.2-cp313-cp313-musllinux_1_2_i686.whl", hash = "sha256:e4460fa6949aac6528a1ad0de8871079600b12b3ef4db49316306786a3598321", size = 421755 },
    { url = "https://files.pythonhosted.org/packages/54/c1/1a0339e014ed97f4e6fd9166b0409ceda8f32e28e8ecda70fd7bb0915566/pyzstd-0.16.2-cp313-cp313-musllinux_1_2_ppc64le.whl", hash = "sha256:75df79ea0315c97d88337953a17daa44023dbf6389f8151903d371513f503e3c", size = 489174 },
    { url = "https://files.pythonhosted.org/packages/07/01/c65f2c9f0b902b33efcb0bdf3cbd07fc828fda6ff6333189eb71cf7acc60/pyzstd-0.16.2-cp313-cp313-musllinux_1_2_s390x.whl", hash = "sha256:93e1d45f4a196afb6f18682c79bdd5399277ead105b67f30b35c04c207966071", size = 573025 },
    { url = "https://files.pythonhosted.org/packages/a7/54/7ab9cc54171b7f8bb97cfd1c1aa7fcb706a4babeb629732529d8111bc4e6/pyzstd-0.16.2-cp313-cp313-musllinux_1_2_x86_64.whl", hash = "sha256:075e18b871f38a503b5d23e40a661adfc750bd4bd0bb8b208c1e290f3ceb8fa2", size = 429582 },
    { url = "https://files.pythonhosted.org/packages/6c/a5/f9c950bb378dd1335bc4cc56444ec2ab40b1dab085c5798c5d16a9bf9d0b/pyzstd-0.16.2-cp313-cp313-win32.whl", hash = "sha256:9e4295eb299f8d87e3487852bca033d30332033272a801ca8130e934475e07a9", size = 218544 },
    { url = "https://files.pythonhosted.org/packages/9a/df/a15b9a8a59cd9908ae2b70bce2cb4ac3e2d7da11414ee0d0ceb46e4d0439/pyzstd-0.16.2-cp313-cp313-win_amd64.whl", hash = "sha256:18deedc70f858f4cf574e59f305d2a0678e54db2751a33dba9f481f91bc71c28", size = 245313 },
]

[[package]]
name = "texttable"
version = "1.7.0"
source = { registry = "https://pypi.org/simple" }
sdist = { url = "https://files.pythonhosted.org/packages/1c/dc/0aff23d6036a4d3bf4f1d8c8204c5c79c4437e25e0ae94ffe4bbb55ee3c2/texttable-1.7.0.tar.gz", hash = "sha256:2d2068fb55115807d3ac77a4ca68fa48803e84ebb0ee2340f858107a36522638", size = 12831 }
wheels = [
    { url = "https://files.pythonhosted.org/packages/24/99/4772b8e00a136f3e01236de33b0efda31ee7077203ba5967fcc76da94d65/texttable-1.7.0-py2.py3-none-any.whl", hash = "sha256:72227d592c82b3d7f672731ae73e4d1f88cd8e2ef5b075a7a7f01a23a3743917", size = 10768 },
]
